schema: '2.0'
stages:
  load_data:
    cmd: python src/load_data.py --config=params.yaml
    deps:
    - path: data_given/data.csv
      md5: 80ccab65fb115cbad143dbbd2bcd5577
      size: 460676
    - path: src/get_data.py
      md5: db7730736da9e3274083bc90eccf7000
      size: 682
    - path: src/load_data.py
      md5: bf9ea6e0fcd2ef3899ba4c7d8292dec1
      size: 666
    outs:
    - path: data/raw/data.csv
      md5: 4ac620715bb45e052f3b1a23d76b0ece
      size: 456271
  split_data:
    cmd: python src/split_data.py --config=params.yaml
    deps:
    - path: data/raw/data.csv
      md5: 4ac620715bb45e052f3b1a23d76b0ece
      size: 456271
    - path: src/split_data.py
      md5: e7c962d591ced08adfa96a2029d99c32
      size: 1103
    outs:
    - path: data/processed/test.csv
      md5: 2afb26acf43b7f17f8b988939ad7d808
      size: 91743
    - path: data/processed/train.csv
      md5: f46b97d75946a8a241539e74e650cd04
      size: 365384
